
Microsoft Visual Studio Solution File, Format Version 12.00
# Visual Studio Version 16
VisualStudioVersion = 16.0.33027.164
MinimumVisualStudioVersion = 10.0.40219.1
Project("{FAE04EC0-301F-11D3-BF4B-00C04F79EFBC}") = "8.4", "8.4.csproj", "{51F15575-C03D-4CF0-981B-5E4D2C363C2A}"
EndProject
Global
	GlobalSection(SolutionConfigurationPlatforms) = preSolution
		Debug|Any CPU = Debug|Any CPU
		Release|Any CPU = Release|Any CPU
	EndGlobalSection
	GlobalSection(ProjectConfigurationPlatforms) = postSolution
		{51F15575-C03D-4CF0-981B-5E4D2C363C2A}.Debug|Any CPU.ActiveCfg = Debug|Any CPU
		{51F15575-C03D-4CF0-981B-5E4D2C363C2A}.Debug|Any CPU.Build.0 = Debug|Any CPU
		{51F15575-C03D-4CF0-981B-5E4D2C363C2A}.Release|Any CPU.ActiveCfg = Release|Any CPU
		{51F15575-C03D-4CF0-981B-5E4D2C363C2A}.Release|Any CPU.Build.0 = Release|Any CPU
	EndGlobalSection
	GlobalSection(SolutionProperties) = preSolution
		HideSolutionNode = FALSE
	EndGlobalSection
	GlobalSection(ExtensibilityGlobals) = postSolution
		SolutionGuid = {4903FCA4-43DC-4F70-A0FD-16CEC35A2282}
	EndGlobalSection
EndGlobal
